
Microsoft Visual Studio Solution File, Format Version 12.00
# Visual Studio Version 16
VisualStudioVersion = 16.0.30717.126
MinimumVisualStudioVersion = 10.0.40219.1
Project("{FAE04EC0-301F-11D3-BF4B-00C04F79EFBC}") = "IdiomDemo.UWP", "IdiomDemo\IdiomDemo.UWP\IdiomDemo.UWP.csproj", "{D74C7F97-EB5B-4308-BA5B-568649C54821}"
EndProject
Project("{FAE04EC0-301F-11D3-BF4B-00C04F79EFBC}") = "IdiomDemo.Android", "IdiomDemo\IdiomDemo.Android\IdiomDemo.Android.csproj", "{6DA2B546-5BDA-45D2-81BA-ED3345F07435}"
EndProject
Project("{FAE04EC0-301F-11D3-BF4B-00C04F79EFBC}") = "IdiomDemo.iOS", "IdiomDemo\IdiomDemo.iOS\IdiomDemo.iOS.csproj", "{D2E27342-A98F-4566-A572-0D03D42126A5}"
EndProject
Project("{9A19103F-16F7-4668-BE54-9A1E7A4F7556}") = "IdiomDemo", "IdiomDemo\IdiomDemo\IdiomDemo.csproj", "{5BAE5D2A-20FB-4566-B1D2-0EA245552A35}"
EndProject
Global
	GlobalSection(SolutionConfigurationPlatforms) = preSolution
		Debug|Any CPU = Debug|Any CPU
		Debug|ARM = Debug|ARM
		Debug|iPhone = Debug|iPhone
		Debug|iPhoneSimulator = Debug|iPhoneSimulator
		Debug|x64 = Debug|x64
		Debug|x86 = Debug|x86
		Release|Any CPU = Release|Any CPU
		Release|ARM = Release|ARM
		Release|iPhone = Release|iPhone
		Release|iPhoneSimulator = Release|iPhoneSimulator
		Release|x64 = Release|x64
		Release|x86 = Release|x86
	EndGlobalSection
	GlobalSection(ProjectConfigurationPlatforms) = postSolution
		{D74C7F97-EB5B-4308-BA5B-568649C54821}.Debug|Any CPU.ActiveCfg = Debug|x86
		{D74C7F97-EB5B-4308-BA5B-568649C54821}.Debug|Any CPU.Build.0 = Debug|x86
		{D74C7F97-EB5B-4308-BA5B-568649C54821}.Debug|Any CPU.Deploy.0 = Debug|x86
		{D74C7F97-EB5B-4308-BA5B-568649C54821}.Debug|ARM.ActiveCfg = Debug|ARM
		{D74C7F97-EB5B-4308-BA5B-568649C54821}.Debug|ARM.Build.0 = Debug|ARM
		{D74C7F97-EB5B-4308-BA5B-568649C54821}.Debug|ARM.Deploy.0 = Debug|ARM
		{D74C7F97-EB5B-4308-BA5B-568649C54821}.Debug|iPhone.ActiveCfg = Debug|x86
		{D74C7F97-EB5B-4308-BA5B-568649C54821}.Debug|iPhone.Build.0 = Debug|x86
		{D74C7F97-EB5B-4308-BA5B-568649C54821}.Debug|iPhone.Deploy.0 = Debug|x86
		{D74C7F97-EB5B-4308-BA5B-568649C54821}.Debug|iPhoneSimulator.ActiveCfg = Debug|x86
		{D74C7F97-EB5B-4308-BA5B-568649C54821}.Debug|iPhoneSimulator.Build.0 = Debug|x86
		{D74C7F97-EB5B-4308-BA5B-568649C54821}.Debug|iPhoneSimulator.Deploy.0 = Debug|x86
		{D74C7F97-EB5B-4308-BA5B-568649C54821}.Debug|x64.ActiveCfg = Debug|x64
		{D74C7F97-EB5B-4308-BA5B-568649C54821}.Debug|x64.Build.0 = Debug|x64
		{D74C7F97-EB5B-4308-BA5B-568649C54821}.Debug|x64.Deploy.0 = Debug|x64
		{D74C7F97-EB5B-4308-BA5B-568649C54821}.Debug|x86.ActiveCfg = Debug|x86
		{D74C7F97-EB5B-4308-BA5B-568649C54821}.Debug|x86.Build.0 = Debug|x86
		{D74C7F97-EB5B-4308-BA5B-568649C54821}.Debug|x86.Deploy.0 = Debug|x86
		{D74C7F97-EB5B-4308-BA5B-568649C54821}.Release|Any CPU.ActiveCfg = Release|x86
		{D74C7F97-EB5B-4308-BA5B-568649C54821}.Release|Any CPU.Build.0 = Release|x86
		{D74C7F97-EB5B-4308-BA5B-568649C54821}.Release|Any CPU.Deploy.0 = Release|x86
		{D74C7F97-EB5B-4308-BA5B-568649C54821}.Release|ARM.ActiveCfg = Release|ARM
		{D74C7F97-EB5B-4308-BA5B-568649C54821}.Release|ARM.Build.0 = Release|ARM
		{D74C7F97-EB5B-4308-BA5B-568649C54821}.Release|ARM.Deploy.0 = Release|ARM
		{D74C7F97-EB5B-4308-BA5B-568649C54821}.Release|iPhone.ActiveCfg = Release|x86
		{D74C7F97-EB5B-4308-BA5B-568649C54821}.Release|iPhone.Build.0 = Release|x86
		{D74C7F97-EB5B-4308-BA5B-568649C54821}.Release|iPhone.Deploy.0 = Release|x86
		{D74C7F97-EB5B-4308-BA5B-568649C54821}.Release|iPhoneSimulator.ActiveCfg = Release|x86
		{D74C7F97-EB5B-4308-BA5B-568649C54821}.Release|iPhoneSimulator.Build.0 = Release|x86
		{D74C7F97-EB5B-4308-BA5B-568649C54821}.Release|iPhoneSimulator.Deploy.0 = Release|x86
		{D74C7F97-EB5B-4308-BA5B-568649C54821}.Release|x64.ActiveCfg = Release|x64
		{D74C7F97-EB5B-4308-BA5B-568649C54821}.Release|x64.Build.0 = Release|x64
		{D74C7F97-EB5B-4308-BA5B-568649C54821}.Release|x64.Deploy.0 = Release|x64
		{D74C7F97-EB5B-4308-BA5B-568649C54821}.Release|x86.ActiveCfg = Release|x86
		{D74C7F97-EB5B-4308-BA5B-568649C54821}.Release|x86.Build.0 = Release|x86
		{D74C7F97-EB5B-4308-BA5B-568649C54821}.Release|x86.Deploy.0 = Release|x86
		{6DA2B546-5BDA-45D2-81BA-ED3345F07435}.Debug|Any CPU.ActiveCfg = Debug|Any CPU
		{6DA2B546-5BDA-45D2-81BA-ED3345F07435}.Debug|Any CPU.Build.0 = Debug|Any CPU
		{6DA2B546-5BDA-45D2-81BA-ED3345F07435}.Debug|Any CPU.Deploy.0 = Debug|Any CPU
		{6DA2B546-5BDA-45D2-81BA-ED3345F07435}.Debug|ARM.ActiveCfg = Debug|Any CPU
		{6DA2B546-5BDA-45D2-81BA-ED3345F07435}.Debug|ARM.Build.0 = Debug|Any CPU
		{6DA2B546-5BDA-45D2-81BA-ED3345F07435}.Debug|ARM.Deploy.0 = Debug|Any CPU
		{6DA2B546-5BDA-45D2-81BA-ED3345F07435}.Debug|iPhone.ActiveCfg = Debug|Any CPU
		{6DA2B546-5BDA-45D2-81BA-ED3345F07435}.Debug|iPhone.Build.0 = Debug|Any CPU
		{6DA2B546-5BDA-45D2-81BA-ED3345F07435}.Debug|iPhone.Deploy.0 = Debug|Any CPU
		{6DA2B546-5BDA-45D2-81BA-ED3345F07435}.Debug|iPhoneSimulator.ActiveCfg = Debug|Any CPU
		{6DA2B546-5BDA-45D2-81BA-ED3345F07435}.Debug|iPhoneSimulator.Build.0 = Debug|Any CPU
		{6DA2B546-5BDA-45D2-81BA-ED3345F07435}.Debug|iPhoneSimulator.Deploy.0 = Debug|Any CPU
		{6DA2B546-5BDA-45D2-81BA-ED3345F07435}.Debug|x64.ActiveCfg = Debug|Any CPU
		{6DA2B546-5BDA-45D2-81BA-ED3345F07435}.Debug|x64.Build.0 = Debug|Any CPU
		{6DA2B546-5BDA-45D2-81BA-ED3345F07435}.Debug|x64.Deploy.0 = Debug|Any CPU
		{6DA2B546-5BDA-45D2-81BA-ED3345F07435}.Debug|x86.ActiveCfg = Debug|Any CPU
		{6DA2B546-5BDA-45D2-81BA-ED3345F07435}.Debug|x86.Build.0 = Debug|Any CPU
		{6DA2B546-5BDA-45D2-81BA-ED3345F07435}.Debug|x86.Deploy.0 = Debug|Any CPU
		{6DA2B546-5BDA-45D2-81BA-ED3345F07435}.Release|Any CPU.ActiveCfg = Release|Any CPU
		{6DA2B546-5BDA-45D2-81BA-ED3345F07435}.Release|Any CPU.Build.0 = Release|Any CPU
		{6DA2B546-5BDA-45D2-81BA-ED3345F07435}.Release|Any CPU.Deploy.0 = Release|Any CPU
		{6DA2B546-5BDA-45D2-81BA-ED3345F07435}.Release|ARM.ActiveCfg = Release|Any CPU
		{6DA2B546-5BDA-45D2-81BA-ED3345F07435}.Release|ARM.Build.0 = Release|Any CPU
		{6DA2B546-5BDA-45D2-81BA-ED3345F07435}.Release|ARM.Deploy.0 = Release|Any CPU
		{6DA2B546-5BDA-45D2-81BA-ED3345F07435}.Release|iPhone.ActiveCfg = Release|Any CPU
		{6DA2B546-5BDA-45D2-81BA-ED3345F07435}.Release|iPhone.Build.0 = Release|Any CPU
		{6DA2B546-5BDA-45D2-81BA-ED3345F07435}.Release|iPhone.Deploy.0 = Release|Any CPU
		{6DA2B546-5BDA-45D2-81BA-ED3345F07435}.Release|iPhoneSimulator.ActiveCfg = Release|Any CPU
		{6DA2B546-5BDA-45D2-81BA-ED3345F07435}.Release|iPhoneSimulator.Build.0 = Release|Any CPU
		{6DA2B546-5BDA-45D2-81BA-ED3345F07435}.Release|iPhoneSimulator.Deploy.0 = Release|Any CPU
		{6DA2B546-5BDA-45D2-81BA-ED3345F07435}.Release|x64.ActiveCfg = Release|Any CPU
		{6DA2B546-5BDA-45D2-81BA-ED3345F07435}.Release|x64.Build.0 = Release|Any CPU
		{6DA2B546-5BDA-45D2-81BA-ED3345F07435}.Release|x64.Deploy.0 = Release|Any CPU
		{6DA2B546-5BDA-45D2-81BA-ED3345F07435}.Release|x86.ActiveCfg = Release|Any CPU
		{6DA2B546-5BDA-45D2-81BA-ED3345F07435}.Release|x86.Build.0 = Release|Any CPU
		{6DA2B546-5BDA-45D2-81BA-ED3345F07435}.Release|x86.Deploy.0 = Release|Any CPU
		{D2E27342-A98F-4566-A572-0D03D42126A5}.Debug|Any CPU.ActiveCfg = Debug|iPhoneSimulator
		{D2E27342-A98F-4566-A572-0D03D42126A5}.Debug|Any CPU.Build.0 = Debug|iPhoneSimulator
		{D2E27342-A98F-4566-A572-0D03D42126A5}.Debug|Any CPU.Deploy.0 = Debug|iPhoneSimulator
		{D2E27342-A98F-4566-A572-0D03D42126A5}.Debug|ARM.ActiveCfg = Debug|iPhone
		{D2E27342-A98F-4566-A572-0D03D42126A5}.Debug|ARM.Build.0 = Debug|iPhone
		{D2E27342-A98F-4566-A572-0D03D42126A5}.Debug|ARM.Deploy.0 = Debug|iPhone
		{D2E27342-A98F-4566-A572-0D03D42126A5}.Debug|iPhone.ActiveCfg = Debug|iPhone
		{D2E27342-A98F-4566-A572-0D03D42126A5}.Debug|iPhone.Build.0 = Debug|iPhone
		{D2E27342-A98F-4566-A572-0D03D42126A5}.Debug|iPhone.Deploy.0 = Debug|iPhone
		{D2E27342-A98F-4566-A572-0D03D42126A5}.Debug|iPhoneSimulator.ActiveCfg = Debug|iPhoneSimulator
		{D2E27342-A98F-4566-A572-0D03D42126A5}.Debug|iPhoneSimulator.Build.0 = Debug|iPhoneSimulator
		{D2E27342-A98F-4566-A572-0D03D42126A5}.Debug|iPhoneSimulator.Deploy.0 = Debug|iPhoneSimulator
		{D2E27342-A98F-4566-A572-0D03D42126A5}.Debug|x64.ActiveCfg = Debug|iPhoneSimulator
		{D2E27342-A98F-4566-A572-0D03D42126A5}.Debug|x64.Build.0 = Debug|iPhoneSimulator
		{D2E27342-A98F-4566-A572-0D03D42126A5}.Debug|x64.Deploy.0 = Debug|iPhoneSimulator
		{D2E27342-A98F-4566-A572-0D03D42126A5}.Debug|x86.ActiveCfg = Debug|iPhoneSimulator
		{D2E27342-A98F-4566-A572-0D03D42126A5}.Debug|x86.Build.0 = Debug|iPhoneSimulator
		{D2E27342-A98F-4566-A572-0D03D42126A5}.Debug|x86.Deploy.0 = Debug|iPhoneSimulator
		{D2E27342-A98F-4566-A572-0D03D42126A5}.Release|Any CPU.ActiveCfg = Release|iPhoneSimulator
		{D2E27342-A98F-4566-A572-0D03D42126A5}.Release|Any CPU.Build.0 = Release|iPhoneSimulator
		{D2E27342-A98F-4566-A572-0D03D42126A5}.Release|Any CPU.Deploy.0 = Release|iPhoneSimulator
		{D2E27342-A98F-4566-A572-0D03D42126A5}.Release|ARM.ActiveCfg = Release|iPhoneSimulator
		{D2E27342-A98F-4566-A572-0D03D42126A5}.Release|ARM.Build.0 = Release|iPhoneSimulator
		{D2E27342-A98F-4566-A572-0D03D42126A5}.Release|ARM.Deploy.0 = Release|iPhoneSimulator
		{D2E27342-A98F-4566-A572-0D03D42126A5}.Release|iPhone.ActiveCfg = Release|iPhone
		{D2E27342-A98F-4566-A572-0D03D42126A5}.Release|iPhone.Build.0 = Release|iPhone
		{D2E27342-A98F-4566-A572-0D03D42126A5}.Release|iPhone.Deploy.0 = Release|iPhone
		{D2E27342-A98F-4566-A572-0D03D42126A5}.Release|iPhoneSimulator.ActiveCfg = Release|iPhoneSimulator
		{D2E27342-A98F-4566-A572-0D03D42126A5}.Release|iPhoneSimulator.Build.0 = Release|iPhoneSimulator
		{D2E27342-A98F-4566-A572-0D03D42126A5}.Release|iPhoneSimulator.Deploy.0 = Release|iPhoneSimulator
		{D2E27342-A98F-4566-A572-0D03D42126A5}.Release|x64.ActiveCfg = Release|iPhoneSimulator
		{D2E27342-A98F-4566-A572-0D03D42126A5}.Release|x64.Build.0 = Release|iPhoneSimulator
		{D2E27342-A98F-4566-A572-0D03D42126A5}.Release|x64.Deploy.0 = Release|iPhoneSimulator
		{D2E27342-A98F-4566-A572-0D03D42126A5}.Release|x86.ActiveCfg = Release|iPhoneSimulator
		{D2E27342-A98F-4566-A572-0D03D42126A5}.Release|x86.Build.0 = Release|iPhoneSimulator
		{D2E27342-A98F-4566-A572-0D03D42126A5}.Release|x86.Deploy.0 = Release|iPhoneSimulator
		{5BAE5D2A-20FB-4566-B1D2-0EA245552A35}.Debug|Any CPU.ActiveCfg = Debug|Any CPU
		{5BAE5D2A-20FB-4566-B1D2-0EA245552A35}.Debug|Any CPU.Build.0 = Debug|Any CPU
		{5BAE5D2A-20FB-4566-B1D2-0EA245552A35}.Debug|Any CPU.Deploy.0 = Debug|Any CPU
		{5BAE5D2A-20FB-4566-B1D2-0EA245552A35}.Debug|ARM.ActiveCfg = Debug|Any CPU
		{5BAE5D2A-20FB-4566-B1D2-0EA245552A35}.Debug|ARM.Build.0 = Debug|Any CPU
		{5BAE5D2A-20FB-4566-B1D2-0EA245552A35}.Debug|ARM.Deploy.0 = Debug|Any CPU
		{5BAE5D2A-20FB-4566-B1D2-0EA245552A35}.Debug|iPhone.ActiveCfg = Debug|Any CPU
		{5BAE5D2A-20FB-4566-B1D2-0EA245552A35}.Debug|iPhone.Build.0 = Debug|Any CPU
		{5BAE5D2A-20FB-4566-B1D2-0EA245552A35}.Debug|iPhone.Deploy.0 = Debug|Any CPU
		{5BAE5D2A-20FB-4566-B1D2-0EA245552A35}.Debug|iPhoneSimulator.ActiveCfg = Debug|Any CPU
		{5BAE5D2A-20FB-4566-B1D2-0EA245552A35}.Debug|iPhoneSimulator.Build.0 = Debug|Any CPU
		{5BAE5D2A-20FB-4566-B1D2-0EA245552A35}.Debug|iPhoneSimulator.Deploy.0 = Debug|Any CPU
		{5BAE5D2A-20FB-4566-B1D2-0EA245552A35}.Debug|x64.ActiveCfg = Debug|Any CPU
		{5BAE5D2A-20FB-4566-B1D2-0EA245552A35}.Debug|x64.Build.0 = Debug|Any CPU
		{5BAE5D2A-20FB-4566-B1D2-0EA245552A35}.Debug|x64.Deploy.0 = Debug|Any CPU
		{5BAE5D2A-20FB-4566-B1D2-0EA245552A35}.Debug|x86.ActiveCfg = Debug|Any CPU
		{5BAE5D2A-20FB-4566-B1D2-0EA245552A35}.Debug|x86.Build.0 = Debug|Any CPU
		{5BAE5D2A-20FB-4566-B1D2-0EA245552A35}.Debug|x86.Deploy.0 = Debug|Any CPU
		{5BAE5D2A-20FB-4566-B1D2-0EA245552A35}.Release|Any CPU.ActiveCfg = Release|Any CPU
		{5BAE5D2A-20FB-4566-B1D2-0EA245552A35}.Release|Any CPU.Build.0 = Release|Any CPU
		{5BAE5D2A-20FB-4566-B1D2-0EA245552A35}.Release|Any CPU.Deploy.0 = Release|Any CPU
		{5BAE5D2A-20FB-4566-B1D2-0EA245552A35}.Release|ARM.ActiveCfg = Release|Any CPU
		{5BAE5D2A-20FB-4566-B1D2-0EA245552A35}.Release|ARM.Build.0 = Release|Any CPU
		{5BAE5D2A-20FB-4566-B1D2-0EA245552A35}.Release|ARM.Deploy.0 = Release|Any CPU
		{5BAE5D2A-20FB-4566-B1D2-0EA245552A35}.Release|iPhone.ActiveCfg = Release|Any CPU
		{5BAE5D2A-20FB-4566-B1D2-0EA245552A35}.Release|iPhone.Build.0 = Release|Any CPU
		{5BAE5D2A-20FB-4566-B1D2-0EA245552A35}.Release|iPhone.Deploy.0 = Release|Any CPU
		{5BAE5D2A-20FB-4566-B1D2-0EA245552A35}.Release|iPhoneSimulator.ActiveCfg = Release|Any CPU
		{5BAE5D2A-20FB-4566-B1D2-0EA245552A35}.Release|iPhoneSimulator.Build.0 = Release|Any CPU
		{5BAE5D2A-20FB-4566-B1D2-0EA245552A35}.Release|iPhoneSimulator.Deploy.0 = Release|Any CPU
		{5BAE5D2A-20FB-4566-B1D2-0EA245552A35}.Release|x64.ActiveCfg = Release|Any CPU
		{5BAE5D2A-20FB-4566-B1D2-0EA245552A35}.Release|x64.Build.0 = Release|Any CPU
		{5BAE5D2A-20FB-4566-B1D2-0EA245552A35}.Release|x64.Deploy.0 = Release|Any CPU
		{5BAE5D2A-20FB-4566-B1D2-0EA245552A35}.Release|x86.ActiveCfg = Release|Any CPU
		{5BAE5D2A-20FB-4566-B1D2-0EA245552A35}.Release|x86.Build.0 = Release|Any CPU
		{5BAE5D2A-20FB-4566-B1D2-0EA245552A35}.Release|x86.Deploy.0 = Release|Any CPU
	EndGlobalSection
	GlobalSection(SolutionProperties) = preSolution
		HideSolutionNode = FALSE
	EndGlobalSection
	GlobalSection(ExtensibilityGlobals) = postSolution
		SolutionGuid = {8B035F54-99EF-4A57-B571-CDBE88ECA5F4}
	EndGlobalSection
EndGlobal
